
Microsoft Visual Studio Solution File, Format Version 12.00
# Visual Studio 15
VisualStudioVersion = 15.0.28010.2048
MinimumVisualStudioVersion = 10.0.40219.1
Project("{FAE04EC0-301F-11D3-BF4B-00C04F79EFBC}") = "PingPong", "PingPong\PingPong.csproj", "{E3B2832E-0D42-4120-B43E-5686F37997E7}"
EndProject
Global
	GlobalSection(SolutionConfigurationPlatforms) = preSolution
		Debug|Any CPU = Debug|Any CPU
		Release|Any CPU = Release|Any CPU
	EndGlobalSection
	GlobalSection(ProjectConfigurationPlatforms) = postSolution
		{E3B2832E-0D42-4120-B43E-5686F37997E7}.Debug|Any CPU.ActiveCfg = Debug|Any CPU
		{E3B2832E-0D42-4120-B43E-5686F37997E7}.Debug|Any CPU.Build.0 = Debug|Any CPU
		{E3B2832E-0D42-4120-B43E-5686F37997E7}.Release|Any CPU.ActiveCfg = Release|Any CPU
		{E3B2832E-0D42-4120-B43E-5686F37997E7}.Release|Any CPU.Build.0 = Release|Any CPU
	EndGlobalSection
	GlobalSection(SolutionProperties) = preSolution
		HideSolutionNode = FALSE
	EndGlobalSection
	GlobalSection(ExtensibilityGlobals) = postSolution
		SolutionGuid = {189A0C9A-5B62-47DB-AC53-FC1D88625405}
	EndGlobalSection
EndGlobal
